// !$*UTF8*$!
{
	archiveVersion = 1;
	classes = {
	};
	objectVersion = 55;
	objects = {

/* Begin PBXBuildFile section */
		4DBF259A2870F31800987548 /* BigContactsViewController.swift in Sources */ = {isa = PBXBuildFile; fileRef = 4DBF25992870F31800987548 /* BigContactsViewController.swift */; };
		4DBF259C287116F500987548 /* ContactTableViewCell.swift in Sources */ = {isa = PBXBuildFile; fileRef = 4DBF259B287116F500987548 /* ContactTableViewCell.swift */; };
		4DDAC0C2286E645300C4BAED /* AppDelegate.swift in Sources */ = {isa = PBXBuildFile; fileRef = 4DDAC0C1286E645300C4BAED /* AppDelegate.swift */; };
		4DDAC0C4286E645300C4BAED /* SceneDelegate.swift in Sources */ = {isa = PBXBuildFile; fileRef = 4DDAC0C3286E645300C4BAED /* SceneDelegate.swift */; };
		4DDAC0C6286E645300C4BAED /* ViewController.swift in Sources */ = {isa = PBXBuildFile; fileRef = 4DDAC0C5286E645300C4BAED /* ViewController.swift */; };
		4DDAC0C9286E645300C4BAED /* Main.storyboard in Resources */ = {isa = PBXBuildFile; fileRef = 4DDAC0C7286E645300C4BAED /* Main.storyboard */; };
		4DDAC0CB286E645C00C4BAED /* Assets.xcassets in Resources */ = {isa = PBXBuildFile; fileRef = 4DDAC0CA286E645C00C4BAED /* Assets.xcassets */; };
		4DDAC0CE286E645C00C4BAED /* LaunchScreen.storyboard in Resources */ = {isa = PBXBuildFile; fileRef = 4DDAC0CC286E645C00C4BAED /* LaunchScreen.storyboard */; };
		4DDAC0D82870788C00C4BAED /* UnlockViewController.swift in Sources */ = {isa = PBXBuildFile; fileRef = 4DDAC0D72870788C00C4BAED /* UnlockViewController.swift */; };
		4DDAC0DC2870A61400C4BAED /* ContactTableViewController.swift in Sources */ = {isa = PBXBuildFile; fileRef = 4DDAC0DB2870A61400C4BAED /* ContactTableViewController.swift */; };
		4DDAC0E02870BF6700C4BAED /* CreateContactViewController.swift in Sources */ = {isa = PBXBuildFile; fileRef = 4DDAC0DF2870BF6700C4BAED /* CreateContactViewController.swift */; };
/* End PBXBuildFile section */

/* Begin PBXFileReference section */
		4DBF25992870F31800987548 /* BigContactsViewController.swift */ = {isa = PBXFileReference; lastKnownFileType = sourcecode.swift; path = BigContactsViewController.swift; sourceTree = "<group>"; };
		4DBF259B287116F500987548 /* ContactTableViewCell.swift */ = {isa = PBXFileReference; lastKnownFileType = sourcecode.swift; path = ContactTableViewCell.swift; sourceTree = "<group>"; };
		4DDAC0BE286E645300C4BAED /* SummerPractis_1.app */ = {isa = PBXFileReference; explicitFileType = wrapper.application; includeInIndex = 0; path = SummerPractis_1.app; sourceTree = BUILT_PRODUCTS_DIR; };
		4DDAC0C1286E645300C4BAED /* AppDelegate.swift */ = {isa = PBXFileReference; lastKnownFileType = sourcecode.swift; path = AppDelegate.swift; sourceTree = "<group>"; };
		4DDAC0C3286E645300C4BAED /* SceneDelegate.swift */ = {isa = PBXFileReference; lastKnownFileType = sourcecode.swift; path = SceneDelegate.swift; sourceTree = "<group>"; };
		4DDAC0C5286E645300C4BAED /* ViewController.swift */ = {isa = PBXFileReference; lastKnownFileType = sourcecode.swift; path = ViewController.swift; sourceTree = "<group>"; };
		4DDAC0C8286E645300C4BAED /* Base */ = {isa = PBXFileReference; lastKnownFileType = file.storyboard; name = Base; path = Base.lproj/Main.storyboard; sourceTree = "<group>"; };
		4DDAC0CA286E645C00C4BAED /* Assets.xcassets */ = {isa = PBXFileReference; lastKnownFileType = folder.assetcatalog; path = Assets.xcassets; sourceTree = "<group>"; };
		4DDAC0CD286E645C00C4BAED /* Base */ = {isa = PBXFileReference; lastKnownFileType = file.storyboard; name = Base; path = Base.lproj/LaunchScreen.storyboard; sourceTree = "<group>"; };
		4DDAC0CF286E645D00C4BAED /* Info.plist */ = {isa = PBXFileReference; lastKnownFileType = text.plist.xml; path = Info.plist; sourceTree = "<group>"; };
		4DDAC0D72870788C00C4BAED /* UnlockViewController.swift */ = {isa = PBXFileReference; lastKnownFileType = sourcecode.swift; path = UnlockViewController.swift; sourceTree = "<group>"; };
		4DDAC0DB2870A61400C4BAED /* ContactTableViewController.swift */ = {isa = PBXFileReference; lastKnownFileType = sourcecode.swift; path = ContactTableViewController.swift; sourceTree = "<group>"; };
		4DDAC0DF2870BF6700C4BAED /* CreateContactViewController.swift */ = {isa = PBXFileReference; lastKnownFileType = sourcecode.swift; path = CreateContactViewController.swift; sourceTree = "<group>"; };
/* End PBXFileReference section */

/* Begin PBXFrameworksBuildPhase section */
		4DDAC0BB286E645300C4BAED /* Frameworks */ = {
			isa = PBXFrameworksBuildPhase;
			buildActionMask = 2147483647;
			files = (
			);
			runOnlyForDeploymentPostprocessing = 0;
		};
/* End PBXFrameworksBuildPhase section */

/* Begin PBXGroup section */
		4DDAC0B5286E645300C4BAED = {
			isa = PBXGroup;
			children = (
				4DDAC0C0286E645300C4BAED /* SummerPractis_1 */,
				4DDAC0BF286E645300C4BAED /* Products */,
			);
			sourceTree = "<group>";
		};
		4DDAC0BF286E645300C4BAED /* Products */ = {
			isa = PBXGroup;
			children = (
				4DDAC0BE286E645300C4BAED /* SummerPractis_1.app */,
			);
			name = Products;
			sourceTree = "<group>";
		};
		4DDAC0C0286E645300C4BAED /* SummerPractis_1 */ = {
			isa = PBXGroup;
			children = (
				4DDAC0C1286E645300C4BAED /* AppDelegate.swift */,
				4DDAC0C3286E645300C4BAED /* SceneDelegate.swift */,
				4DDAC0C5286E645300C4BAED /* ViewController.swift */,
				4DDAC0C7286E645300C4BAED /* Main.storyboard */,
				4DDAC0CA286E645C00C4BAED /* Assets.xcassets */,
				4DDAC0CC286E645C00C4BAED /* LaunchScreen.storyboard */,
				4DDAC0CF286E645D00C4BAED /* Info.plist */,
				4DDAC0D72870788C00C4BAED /* UnlockViewController.swift */,
				4DDAC0DB2870A61400C4BAED /* ContactTableViewController.swift */,
				4DDAC0DF2870BF6700C4BAED /* CreateContactViewController.swift */,
				4DBF25992870F31800987548 /* BigContactsViewController.swift */,
				4DBF259B287116F500987548 /* ContactTableViewCell.swift */,
			);
			path = SummerPractis_1;
			sourceTree = "<group>";
		};
/* End PBXGroup section */

/* Begin PBXNativeTarget section */
		4DDAC0BD286E645300C4BAED /* SummerPractis_1 */ = {
			isa = PBXNativeTarget;
			buildConfigurationList = 4DDAC0D2286E645D00C4BAED /* Build configuration list for PBXNativeTarget "SummerPractis_1" */;
			buildPhases = (
				4DDAC0BA286E645300C4BAED /* Sources */,
				4DDAC0BB286E645300C4BAED /* Frameworks */,
				4DDAC0BC286E645300C4BAED /* Resources */,
			);
			buildRules = (
			);
			dependencies = (
			);
			name = SummerPractis_1;
			productName = SummerPractis_1;
			productReference = 4DDAC0BE286E645300C4BAED /* SummerPractis_1.app */;
			productType = "com.apple.product-type.application";
		};
/* End PBXNativeTarget section */

/* Begin PBXProject section */
		4DDAC0B6286E645300C4BAED /* Project object */ = {
			isa = PBXProject;
			attributes = {
				BuildIndependentTargetsInParallel = 1;
				LastSwiftUpdateCheck = 1340;
				LastUpgradeCheck = 1340;
				TargetAttributes = {
					4DDAC0BD286E645300C4BAED = {
						CreatedOnToolsVersion = 13.4.1;
					};
				};
			};
			buildConfigurationList = 4DDAC0B9286E645300C4BAED /* Build configuration list for PBXProject "SummerPractis_1" */;
			compatibilityVersion = "Xcode 13.0";
			developmentRegion = en;
			hasScannedForEncodings = 0;
			knownRegions = (
				en,
				Base,
			);
			mainGroup = 4DDAC0B5286E645300C4BAED;
			productRefGroup = 4DDAC0BF286E645300C4BAED /* Products */;
			projectDirPath = "";
			projectRoot = "";
			targets = (
				4DDAC0BD286E645300C4BAED /* SummerPractis_1 */,
			);
		};
/* End PBXProject section */

/* Begin PBXResourcesBuildPhase section */
		4DDAC0BC286E645300C4BAED /* Resources */ = {
			isa = PBXResourcesBuildPhase;
			buildActionMask = 2147483647;
			files = (
				4DDAC0CE286E645C00C4BAED /* LaunchScreen.storyboard in Resources */,
				4DDAC0CB286E645C00C4BAED /* Assets.xcassets in Resources */,
				4DDAC0C9286E645300C4BAED /* Main.storyboard in Resources */,
			);
			runOnlyForDeploymentPostprocessing = 0;
		};
/* End PBXResourcesBuildPhase section */

/* Begin PBXSourcesBuildPhase section */
		4DDAC0BA286E645300C4BAED /* Sources */ = {
			isa = PBXSourcesBuildPhase;
			buildActionMask = 2147483647;
			files = (
				4DDAC0D82870788C00C4BAED /* UnlockViewController.swift in Sources */,
				4DDAC0E02870BF6700C4BAED /* CreateContactViewController.swift in Sources */,
				4DBF259A2870F31800987548 /* BigContactsViewController.swift in Sources */,
				4DDAC0C6286E645300C4BAED /* ViewController.swift in Sources */,
				4DBF259C287116F500987548 /* ContactTableViewCell.swift in Sources */,
				4DDAC0DC2870A61400C4BAED /* ContactTableViewController.swift in Sources */,
				4DDAC0C2286E645300C4BAED /* AppDelegate.swift in Sources */,
				4DDAC0C4286E645300C4BAED /* SceneDelegate.swift in Sources */,
			);
			runOnlyForDeploymentPostprocessing = 0;
		};
/* End PBXSourcesBuildPhase section */

/* Begin PBXVariantGroup section */
		4DDAC0C7286E645300C4BAED /* Main.storyboard */ = {
			isa = PBXVariantGroup;
			children = (
				4DDAC0C8286E645300C4BAED /* Base */,
			);
			name = Main.storyboard;
			sourceTree = "<group>";
		};
		4DDAC0CC286E645C00C4BAED /* LaunchScreen.storyboard */ = {
			isa = PBXVariantGroup;
			children = (
				4DDAC0CD286E645C00C4BAED /* Base */,
			);
			name = LaunchScreen.storyboard;
			sourceTree = "<group>";
		};
/* End PBXVariantGroup section */

/* Begin XCBuildConfiguration section */
		4DDAC0D0286E645D00C4BAED /* Debug */ = {
			isa = XCBuildConfiguration;
			buildSettings = {
				ALWAYS_SEARCH_USER_PATHS = NO;
				CLANG_ANALYZER_NONNULL = YES;
				CLANG_ANALYZER_NUMBER_OBJECT_CONVERSION = YES_AGGRESSIVE;
				CLANG_CXX_LANGUAGE_STANDARD = "gnu++17";
				CLANG_ENABLE_MODULES = YES;
				CLANG_ENABLE_OBJC_ARC = YES;
				CLANG_ENABLE_OBJC_WEAK = YES;
				CLANG_WARN_BLOCK_CAPTURE_AUTORELEASING = YES;
				CLANG_WARN_BOOL_CONVERSION = YES;
				CLANG_WARN_COMMA = YES;
				CLANG_WARN_CONSTANT_CONVERSION = YES;
				CLANG_WARN_DEPRECATED_OBJC_IMPLEMENTATIONS = YES;
				CLANG_WARN_DIRECT_OBJC_ISA_USAGE = YES_ERROR;
				CLANG_WARN_DOCUMENTATION_COMMENTS = YES;
				CLANG_WARN_EMPTY_BODY = YES;
				CLANG_WARN_ENUM_CONVERSION = YES;
				CLANG_WARN_INFINITE_RECURSION = YES;
				CLANG_WARN_INT_CONVERSION = YES;
				CLANG_WARN_NON_LITERAL_NULL_CONVERSION = YES;
				CLANG_WARN_OBJC_IMPLICIT_RETAIN_SELF = YES;
				CLANG_WARN_OBJC_LITERAL_CONVERSION = YES;
				CLANG_WARN_OBJC_ROOT_CLASS = YES_ERROR;
				CLANG_WARN_QUOTED_INCLUDE_IN_FRAMEWORK_HEADER = YES;
				CLANG_WARN_RANGE_LOOP_ANALYSIS = YES;
				CLANG_WARN_STRICT_PROTOTYPES = YES;
				CLANG_WARN_SUSPICIOUS_MOVE = YES;
				CLANG_WARN_UNGUARDED_AVAILABILITY = YES_AGGRESSIVE;
				CLANG_WARN_UNREACHABLE_CODE = YES;
				CLANG_WARN__DUPLICATE_METHOD_MATCH = YES;
				COPY_PHASE_STRIP = NO;
				DEBUG_INFORMATION_FORMAT = dwarf;
				ENABLE_STRICT_OBJC_MSGSEND = YES;
				ENABLE_TESTABILITY = YES;
				GCC_C_LANGUAGE_STANDARD = gnu11;
				GCC_DYNAMIC_NO_PIC = NO;
				GCC_NO_COMMON_BLOCKS = YES;
				GCC_OPTIMIZATION_LEVEL = 0;
				GCC_PREPROCESSOR_DEFINITIONS = (
					"DEBUG=1",
					"$(inherited)",
				);
				GCC_WARN_64_TO_32_BIT_CONVERSION = YES;
				GCC_WARN_ABOUT_RETURN_TYPE = YES_ERROR;
				GCC_WARN_UNDECLARED_SELECTOR = YES;
				GCC_WARN_UNINITIALIZED_AUTOS = YES_AGGRESSIVE;
				GCC_WARN_UNUSED_FUNCTION = YES;
				GCC_WARN_UNUSED_VARIABLE = YES;
				IPHONEOS_DEPLOYMENT_TARGET = 15.5;
				MTL_ENABLE_DEBUG_INFO = INCLUDE_SOURCE;
				MTL_FAST_MATH = YES;
				ONLY_ACTIVE_ARCH = YES;
				SDKROOT = iphoneos;
				SWIFT_ACTIVE_COMPILATION_CONDITIONS = DEBUG;
				SWIFT_OPTIMIZATION_LEVEL = "-Onone";
			};
			name = Debug;
		};
		4DDAC0D1286E645D00C4BAED /* Release */ = {
			isa = XCBuildConfiguration;
			buildSettings = {
				ALWAYS_SEARCH_USER_PATHS = NO;
				CLANG_ANALYZER_NONNULL = YES;
				CLANG_ANALYZER_NUMBER_OBJECT_CONVERSION = YES_AGGRESSIVE;
				CLANG_CXX_LANGUAGE_STANDARD = "gnu++17";
				CLANG_ENABLE_MODULES = YES;
				CLANG_ENABLE_OBJC_ARC = YES;
				CLANG_ENABLE_OBJC_WEAK = YES;
				CLANG_WARN_BLOCK_CAPTURE_AUTORELEASING = YES;
				CLANG_WARN_BOOL_CONVERSION = YES;
				CLANG_WARN_COMMA = YES;
				CLANG_WARN_CONSTANT_CONVERSION = YES;
				CLANG_WARN_DEPRECATED_OBJC_IMPLEMENTATIONS = YES;
				CLANG_WARN_DIRECT_OBJC_ISA_USAGE = YES_ERROR;
				CLANG_WARN_DOCUMENTATION_COMMENTS = YES;
				CLANG_WARN_EMPTY_BODY = YES;
				CLANG_WARN_ENUM_CONVERSION = YES;
				CLANG_WARN_INFINITE_RECURSION = YES;
				CLANG_WARN_INT_CONVERSION = YES;
				CLANG_WARN_NON_LITERAL_NULL_CONVERSION = YES;
				CLANG_WARN_OBJC_IMPLICIT_RETAIN_SELF = YES;
				CLANG_WARN_OBJC_LITERAL_CONVERSION = YES;
				CLANG_WARN_OBJC_ROOT_CLASS = YES_ERROR;
				CLANG_WARN_QUOTED_INCLUDE_IN_FRAMEWORK_HEADER = YES;
				CLANG_WARN_RANGE_LOOP_ANALYSIS = YES;
				CLANG_WARN_STRICT_PROTOTYPES = YES;
				CLANG_WARN_SUSPICIOUS_MOVE = YES;
				CLANG_WARN_UNGUARDED_AVAILABILITY = YES_AGGRESSIVE;
				CLANG_WARN_UNREACHABLE_CODE = YES;
				CLANG_WARN__DUPLICATE_METHOD_MATCH = YES;
				COPY_PHASE_STRIP = NO;
				DEBUG_INFORMATION_FORMAT = "dwarf-with-dsym";
				ENABLE_NS_ASSERTIONS = NO;
				ENABLE_STRICT_OBJC_MSGSEND = YES;
				GCC_C_LANGUAGE_STANDARD = gnu11;
				GCC_NO_COMMON_BLOCKS = YES;
				GCC_WARN_64_TO_32_BIT_CONVERSION = YES;
				GCC_WARN_ABOUT_RETURN_TYPE = YES_ERROR;
				GCC_WARN_UNDECLARED_SELECTOR = YES;
				GCC_WARN_UNINITIALIZED_AUTOS = YES_AGGRESSIVE;
				GCC_WARN_UNUSED_FUNCTION = YES;
				GCC_WARN_UNUSED_VARIABLE = YES;
				IPHONEOS_DEPLOYMENT_TARGET = 15.5;
				MTL_ENABLE_DEBUG_INFO = NO;
				MTL_FAST_MATH = YES;
				SDKROOT = iphoneos;
				SWIFT_COMPILATION_MODE = wholemodule;
				SWIFT_OPTIMIZATION_LEVEL = "-O";
				VALIDATE_PRODUCT = YES;
			};
			name = Release;
		};
		4DDAC0D3286E645D00C4BAED /* Debug */ = {
			isa = XCBuildConfiguration;
			buildSettings = {
				ASSETCATALOG_COMPILER_APPICON_NAME = AppIcon;
				ASSETCATALOG_COMPILER_GLOBAL_ACCENT_COLOR_NAME = AccentColor;
				CODE_SIGN_STYLE = Automatic;
				CURRENT_PROJECT_VERSION = 1;
				GENERATE_INFOPLIST_FILE = YES;
				INFOPLIST_FILE = SummerPractis_1/Info.plist;
				INFOPLIST_KEY_UIApplicationSupportsIndirectInputEvents = YES;
				INFOPLIST_KEY_UILaunchStoryboardName = LaunchScreen;
				INFOPLIST_KEY_UIMainStoryboardFile = Main;
				INFOPLIST_KEY_UISupportedInterfaceOrientations_iPad = "UIInterfaceOrientationPortrait UIInterfaceOrientationPortraitUpsideDown UIInterfaceOrientationLandscapeLeft UIInterfaceOrientationLandscapeRight";
				INFOPLIST_KEY_UISupportedInterfaceOrientations_iPhone = "UIInterfaceOrientationPortrait UIInterfaceOrientationLandscapeLeft UIInterfaceOrientationLandscapeRight";
				LD_RUNPATH_SEARCH_PATHS = (
					"$(inherited)",
					"@executable_path/Frameworks",
				);
				MARKETING_VERSION = 1.0;
				PRODUCT_BUNDLE_IDENTIFIER = "com.ursidaee.SummerPractis-1";
				PRODUCT_NAME = "$(TARGET_NAME)";
				SWIFT_EMIT_LOC_STRINGS = YES;
				SWIFT_VERSION = 5.0;
				TARGETED_DEVICE_FAMILY = 1;
			};
			name = Debug;
		};
		4DDAC0D4286E645D00C4BAED /* Release */ = {
			isa = XCBuildConfiguration;
			buildSettings = {
				ASSETCATALOG_COMPILER_APPICON_NAME = AppIcon;
				ASSETCATALOG_COMPILER_GLOBAL_ACCENT_COLOR_NAME = AccentColor;
				CODE_SIGN_STYLE = Automatic;
				CURRENT_PROJECT_VERSION = 1;
				GENERATE_INFOPLIST_FILE = YES;
				INFOPLIST_FILE = SummerPractis_1/Info.plist;
				INFOPLIST_KEY_UIApplicationSupportsIndirectInputEvents = YES;
				INFOPLIST_KEY_UILaunchStoryboardName = LaunchScreen;
				INFOPLIST_KEY_UIMainStoryboardFile = Main;
				INFOPLIST_KEY_UISupportedInterfaceOrientations_iPad = "UIInterfaceOrientationPortrait UIInterfaceOrientationPortraitUpsideDown UIInterfaceOrientationLandscapeLeft UIInterfaceOrientationLandscapeRight";
				INFOPLIST_KEY_UISupportedInterfaceOrientations_iPhone = "UIInterfaceOrientationPortrait UIInterfaceOrientationLandscapeLeft UIInterfaceOrientationLandscapeRight";
				LD_RUNPATH_SEARCH_PATHS = (
					"$(inherited)",
					"@executable_path/Frameworks",
				);
				MARKETING_VERSION = 1.0;
				PRODUCT_BUNDLE_IDENTIFIER = "com.ursidaee.SummerPractis-1";
				PRODUCT_NAME = "$(TARGET_NAME)";
				SWIFT_EMIT_LOC_STRINGS = YES;
				SWIFT_VERSION = 5.0;
				TARGETED_DEVICE_FAMILY = 1;
			};
			name = Release;
		};
/* End XCBuildConfiguration section */

/* Begin XCConfigurationList section */
		4DDAC0B9286E645300C4BAED /* Build configuration list for PBXProject "SummerPractis_1" */ = {
			isa = XCConfigurationList;
			buildConfigurations = (
				4DDAC0D0286E645D00C4BAED /* Debug */,
				4DDAC0D1286E645D00C4BAED /* Release */,
			);
			defaultConfigurationIsVisible = 0;
			defaultConfigurationName = Release;
		};
		4DDAC0D2286E645D00C4BAED /* Build configuration list for PBXNativeTarget "SummerPractis_1" */ = {
			isa = XCConfigurationList;
			buildConfigurations = (
				4DDAC0D3286E645D00C4BAED /* Debug */,
				4DDAC0D4286E645D00C4BAED /* Release */,
			);
			defaultConfigurationIsVisible = 0;
			defaultConfigurationName = Release;
		};
/* End XCConfigurationList section */
	};
	rootObject = 4DDAC0B6286E645300C4BAED /* Project object */;
}
